
Microsoft Visual Studio Solution File, Format Version 12.00
# Visual Studio Version 17
VisualStudioVersion = 17.7.34024.191
MinimumVisualStudioVersion = 10.0.40219.1
Project("{FAE04EC0-301F-11D3-BF4B-00C04F79EFBC}") = "InventoryManager", "InventoryManager\InventoryManager.csproj", "{01A904A0-A0E5-4C52-9B3C-9322828D6863}"
EndProject
Global
	GlobalSection(SolutionConfigurationPlatforms) = preSolution
		Debug|Any CPU = Debug|Any CPU
		Release|Any CPU = Release|Any CPU
	EndGlobalSection
	GlobalSection(ProjectConfigurationPlatforms) = postSolution
		{01A904A0-A0E5-4C52-9B3C-9322828D6863}.Debug|Any CPU.ActiveCfg = Debug|Any CPU
		{01A904A0-A0E5-4C52-9B3C-9322828D6863}.Debug|Any CPU.Build.0 = Debug|Any CPU
		{01A904A0-A0E5-4C52-9B3C-9322828D6863}.Release|Any CPU.ActiveCfg = Release|Any CPU
		{01A904A0-A0E5-4C52-9B3C-9322828D6863}.Release|Any CPU.Build.0 = Release|Any CPU
	EndGlobalSection
	GlobalSection(SolutionProperties) = preSolution
		HideSolutionNode = FALSE
	EndGlobalSection
	GlobalSection(ExtensibilityGlobals) = postSolution
		SolutionGuid = {DE395164-A38E-43F0-9A36-0D728309ACE7}
	EndGlobalSection
EndGlobal
